# This file is generated by running "yarn install" inside your project.
# Manual changes might be lost - proceed with caution!

__metadata:
  version: 8
  cacheKey: 10

"@esbuild/aix-ppc64@npm:0.27.3":
  version: 0.27.3
  resolution: "@esbuild/aix-ppc64@npm:0.27.3"
  conditions: os=aix & cpu=ppc64
  languageName: node
  linkType: hard

"@esbuild/android-arm64@npm:0.27.3":
  version: 0.27.3
  resolution: "@esbuild/android-arm64@npm:0.27.3"
  conditions: os=android & cpu=arm64
  languageName: node
  linkType: hard

"@esbuild/android-arm@npm:0.27.3":
  version: 0.27.3
  resolution: "@esbuild/android-arm@npm:0.27.3"
  conditions: os=android & cpu=arm
  languageName: node
  linkType: hard

"@esbuild/android-x64@npm:0.27.3":
  version: 0.27.3
  resolution: "@esbuild/android-x64@npm:0.27.3"
  conditions: os=android & cpu=x64
  languageName: node
  linkType: hard

"@esbuild/darwin-arm64@npm:0.27.3":
  version: 0.27.3
  resolution: "@esbuild/darwin-arm64@npm:0.27.3"
  conditions: os=darwin & cpu=arm64
  languageName: node
  linkType: hard

"@esbuild/darwin-x64@npm:0.27.3":
  version: 0.27.3
  resolution: "@esbuild/darwin-x64@npm:0.27.3"
  conditions: os=darwin & cpu=x64
  languageName: node
  linkType: hard

"@esbuild/freebsd-arm64@npm:0.27.3":
  version: 0.27.3
  resolution: "@esbuild/freebsd-arm64@npm:0.27.3"
  conditions: os=freebsd & cpu=arm64
  languageName: node
  linkType: hard

"@esbuild/freebsd-x64@npm:0.27.3":
  version: 0.27.3
  resolution: "@esbuild/freebsd-x64@npm:0.27.3"
  conditions: os=freebsd & cpu=x64
  languageName: node
  linkType: hard

"@esbuild/linux-arm64@npm:0.27.3":
  version: 0.27.3
  resolution: "@esbuild/linux-arm64@npm:0.27.3"
  conditions: os=linux & cpu=arm64
  languageName: node
  linkType: hard

"@esbuild/linux-arm@npm:0.27.3":
  version: 0.27.3
  resolution: "@esbuild/linux-arm@npm:0.27.3"
  conditions: os=linux & cpu=arm
  languageName: node
  linkType: hard

"@esbuild/linux-ia32@npm:0.27.3":
  version: 0.27.3
  resolution: "@esbuild/linux-ia32@npm:0.27.3"
  conditions: os=linux & cpu=ia32
  languageName: node
  linkType: hard

"@esbuild/linux-loong64@npm:0.27.3":
  version: 0.27.3
  resolution: "@esbuild/linux-loong64@npm:0.27.3"
  conditions: os=linux & cpu=loong64
  languageName: node
  linkType: hard

"@esbuild/linux-mips64el@npm:0.27.3":
  version: 0.27.3
  resolution: "@esbuild/linux-mips64el@npm:0.27.3"
  conditions: os=linux & cpu=mips64el
  languageName: node
  linkType: hard

"@esbuild/linux-ppc64@npm:0.27.3":
  version: 0.27.3
  resolution: "@esbuild/linux-ppc64@npm:0.27.3"
  conditions: os=linux & cpu=ppc64
  languageName: node
  linkType: hard

"@esbuild/linux-riscv64@npm:0.27.3":
  version: 0.27.3
  resolution: "@esbuild/linux-riscv64@npm:0.27.3"
  conditions: os=linux & cpu=riscv64
  languageName: node
  linkType: hard

"@esbuild/linux-s390x@npm:0.27.3":
  version: 0.27.3
  resolution: "@esbuild/linux-s390x@npm:0.27.3"
  conditions: os=linux & cpu=s390x
  languageName: node
  linkType: hard

"@esbuild/linux-x64@npm:0.27.3":
  version: 0.27.3
  resolution: "@esbuild/linux-x64@npm:0.27.3"
  conditions: os=linux & cpu=x64
  languageName: node
  linkType: hard

"@esbuild/netbsd-arm64@npm:0.27.3":
  version: 0.27.3
  resolution: "@esbuild/netbsd-arm64@npm:0.27.3"
  conditions: os=netbsd & cpu=arm64
  languageName: node
  linkType: hard

"@esbuild/netbsd-x64@npm:0.27.3":
  version: 0.27.3
  resolution: "@esbuild/netbsd-x64@npm:0.27.3"
  conditions: os=netbsd & cpu=x64
  languageName: node
  linkType: hard

"@esbuild/openbsd-arm64@npm:0.27.3":
  version: 0.27.3
  resolution: "@esbuild/openbsd-arm64@npm:0.27.3"
  conditions: os=openbsd & cpu=arm64
  languageName: node
  linkType: hard

"@esbuild/openbsd-x64@npm:0.27.3":
  version: 0.27.3
  resolution: "@esbuild/openbsd-x64@npm:0.27.3"
  conditions: os=openbsd & cpu=x64
  languageName: node
  linkType: hard

"@esbuild/openharmony-arm64@npm:0.27.3":
  version: 0.27.3
  resolution: "@esbuild/openharmony-arm64@npm:0.27.3"
  conditions: os=openharmony & cpu=arm64
  languageName: node
  linkType: hard

"@esbuild/sunos-x64@npm:0.27.3":
  version: 0.27.3
  resolution: "@esbuild/sunos-x64@npm:0.27.3"
  conditions: os=sunos & cpu=x64
  languageName: node
  linkType: hard

"@esbuild/win32-arm64@npm:0.27.3":
  version: 0.27.3
  resolution: "@esbuild/win32-arm64@npm:0.27.3"
  conditions: os=win32 & cpu=arm64
  languageName: node
  linkType: hard

"@esbuild/win32-ia32@npm:0.27.3":
  version: 0.27.3
  resolution: "@esbuild/win32-ia32@npm:0.27.3"
  conditions: os=win32 & cpu=ia32
  languageName: node
  linkType: hard

"@esbuild/win32-x64@npm:0.27.3":
  version: 0.27.3
  resolution: "@esbuild/win32-x64@npm:0.27.3"
  conditions: os=win32 & cpu=x64
  languageName: node
  linkType: hard

"@isaacs/fs-minipass@npm:^4.0.0":
  version: 4.0.1
  resolution: "@isaacs/fs-minipass@npm:4.0.1"
  dependencies:
    minipass: "npm:^7.0.4"
  checksum: 10/4412e9e6713c89c1e66d80bb0bb5a2a93192f10477623a27d08f228ba0316bb880affabc5bfe7f838f58a34d26c2c190da726e576cdfc18c49a72e89adabdcf5
  languageName: node
  linkType: hard

"@msgpackr-extract/msgpackr-extract-darwin-arm64@npm:3.0.3":
  version: 3.0.3
  resolution: "@msgpackr-extract/msgpackr-extract-darwin-arm64@npm:3.0.3"
  conditions: os=darwin & cpu=arm64
  languageName: node
  linkType: hard

"@msgpackr-extract/msgpackr-extract-darwin-x64@npm:3.0.3":
  version: 3.0.3
  resolution: "@msgpackr-extract/msgpackr-extract-darwin-x64@npm:3.0.3"
  conditions: os=darwin & cpu=x64
  languageName: node
  linkType: hard

"@msgpackr-extract/msgpackr-extract-linux-arm64@npm:3.0.3":
  version: 3.0.3
  resolution: "@msgpackr-extract/msgpackr-extract-linux-arm64@npm:3.0.3"
  conditions: os=linux & cpu=arm64
  languageName: node
  linkType: hard

"@msgpackr-extract/msgpackr-extract-linux-arm@npm:3.0.3":
  version: 3.0.3
  resolution: "@msgpackr-extract/msgpackr-extract-linux-arm@npm:3.0.3"
  conditions: os=linux & cpu=arm
  languageName: node
  linkType: hard

"@msgpackr-extract/msgpackr-extract-linux-x64@npm:3.0.3":
  version: 3.0.3
  resolution: "@msgpackr-extract/msgpackr-extract-linux-x64@npm:3.0.3"
  conditions: os=linux & cpu=x64
  languageName: node
  linkType: hard

"@msgpackr-extract/msgpackr-extract-win32-x64@npm:3.0.3":
  version: 3.0.3
  resolution: "@msgpackr-extract/msgpackr-extract-win32-x64@npm:3.0.3"
  conditions: os=win32 & cpu=x64
  languageName: node
  linkType: hard

"@npmcli/agent@npm:^4.0.0":
  version: 4.0.0
  resolution: "@npmcli/agent@npm:4.0.0"
  dependencies:
    agent-base: "npm:^7.1.0"
    http-proxy-agent: "npm:^7.0.0"
    https-proxy-agent: "npm:^7.0.1"
    lru-cache: "npm:^11.2.1"
    socks-proxy-agent: "npm:^8.0.3"
  checksum: 10/1a81573becc60515031accc696e6405e9b894e65c12b98ef4aeee03b5617c41948633159dbf6caf5dde5b47367eeb749bdc7b7dfb21960930a9060a935c6f636
  languageName: node
  linkType: hard

"@npmcli/fs@npm:^5.0.0":
  version: 5.0.0
  resolution: "@npmcli/fs@npm:5.0.0"
  dependencies:
    semver: "npm:^7.3.5"
  checksum: 10/4935c7719d17830d0f9fa46c50be17b2a3c945cec61760f6d0909bce47677c42e1810ca673305890f9e84f008ec4d8e841182f371e42100a8159d15f22249208
  languageName: node
  linkType: hard

"@size-limit/esbuild@npm:12.0.0":
  version: 12.0.0
  resolution: "@size-limit/esbuild@npm:12.0.0"
  dependencies:
    esbuild: "npm:^0.27.0"
    nanoid: "npm:^5.1.6"
  peerDependencies:
    size-limit: 12.0.0
  checksum: 10/35d7840b997f3f8c5b5bb8d9f96a50ac15015fc3befbf261827340ceb7bf5d68f05da1e84856e5b020ae62fea9871c3f48e0d14645301419e013e8f93e34f443
  languageName: node
  linkType: hard

"@size-limit/file@npm:12.0.0":
  version: 12.0.0
  resolution: "@size-limit/file@npm:12.0.0"
  peerDependencies:
    size-limit: 12.0.0
  checksum: 10/1cc4876760ea7c4e1bb70bccf85fe1e20f30ad11ab5354a09a6bf163550f3f2c231a63c3f39190e74e3f00678f9b0071202bb8beb00b8da4d666439e5194b5e2
  languageName: node
  linkType: hard

"@size-limit/preset-small-lib@npm:^12.0.0":
  version: 12.0.0
  resolution: "@size-limit/preset-small-lib@npm:12.0.0"
  dependencies:
    "@size-limit/esbuild": "npm:12.0.0"
    "@size-limit/file": "npm:12.0.0"
    size-limit: "npm:12.0.0"
  peerDependencies:
    size-limit: 12.0.0
  checksum: 10/e05b6a8cb4e02eb39fdb77edf9c2936a53dc6ef35f37f7275c7c66dc7362244d4f35b889c5d14859961e3f88f4e889850ae469abbf2f66b199ddbcff9778d3f6
  languageName: node
  linkType: hard

"@ws-rpc/client@workspace:pkgs/client":
  version: 0.0.0-use.local
  resolution: "@ws-rpc/client@workspace:pkgs/client"
  dependencies:
    "@size-limit/preset-small-lib": "npm:^12.0.0"
    "@ws-rpc/encoder-json": "workspace:*"
    "@ws-rpc/proto": "workspace:*"
    size-limit: "npm:^12.0.0"
    wscl: "npm:^2.2.0"
  languageName: unknown
  linkType: soft

"@ws-rpc/encoder-json@workspace:*, @ws-rpc/encoder-json@workspace:pkgs/encoder-json":
  version: 0.0.0-use.local
  resolution: "@ws-rpc/encoder-json@workspace:pkgs/encoder-json"
  languageName: unknown
  linkType: soft

"@ws-rpc/encoder-msgpack@workspace:pkgs/encoder-msgpack":
  version: 0.0.0-use.local
  resolution: "@ws-rpc/encoder-msgpack@workspace:pkgs/encoder-msgpack"
  dependencies:
    msgpackr: "npm:^1.11.8"
  languageName: unknown
  linkType: soft

"@ws-rpc/proto@workspace:*, @ws-rpc/proto@workspace:pkgs/proto":
  version: 0.0.0-use.local
  resolution: "@ws-rpc/proto@workspace:pkgs/proto"
  dependencies:
    istp: "npm:^2.0.6"
  languageName: unknown
  linkType: soft

"@ws-rpc/server@workspace:pkgs/server":
  version: 0.0.0-use.local
  resolution: "@ws-rpc/server@workspace:pkgs/server"
  dependencies:
    "@ws-rpc/encoder-json": "workspace:*"
    "@ws-rpc/proto": "workspace:*"
    bufferutil: "npm:^4.1.0"
    istp: "npm:^2.0.6"
    ws: "npm:^8.19.0"
  languageName: unknown
  linkType: soft

"abbrev@npm:^4.0.0":
  version: 4.0.0
  resolution: "abbrev@npm:4.0.0"
  checksum: 10/e2f0c6a6708ad738b3e8f50233f4800de31ad41a6cdc50e0cbe51b76fed69fd0213516d92c15ce1a9985fca71a14606a9be22bf00f8475a58987b9bfb671c582
  languageName: node
  linkType: hard

"agent-base@npm:^7.1.0, agent-base@npm:^7.1.2":
  version: 7.1.4
  resolution: "agent-base@npm:7.1.4"
  checksum: 10/79bef167247789f955aaba113bae74bf64aa1e1acca4b1d6bb444bdf91d82c3e07e9451ef6a6e2e35e8f71a6f97ce33e3d855a5328eb9fad1bc3cc4cfd031ed8
  languageName: node
  linkType: hard

"balanced-match@npm:^4.0.2":
  version: 4.0.3
  resolution: "balanced-match@npm:4.0.3"
  checksum: 10/e9e2177f1eb7db0af2375715e6f992f15d41518921e14f5029de50766ff1b3da824e47e1d5492493e9bb7c743b827e42546cbc260a055b7086e45f54b2b152b9
  languageName: node
  linkType: hard

"brace-expansion@npm:^5.0.2":
  version: 5.0.2
  resolution: "brace-expansion@npm:5.0.2"
  dependencies:
    balanced-match: "npm:^4.0.2"
  checksum: 10/18d382c0919c68f8bb56fbe4a9cb1181a0bf10e6786b5683e586493dfbb517bdcf972f4a3a8d560486627fd9c9c6ecef0a2b8fd454eb6082780307ffd5586251
  languageName: node
  linkType: hard

"bufferutil@npm:^4.1.0":
  version: 4.1.0
  resolution: "bufferutil@npm:4.1.0"
  dependencies:
    node-gyp: "npm:latest"
    node-gyp-build: "npm:^4.3.0"
  checksum: 10/f944f2e66a8cd2eeecc83e29b857382a0666132a7bbf83690df9ff39cb842c5a438da91a7d9c6a22cdc794bf0b6cfbfdf3a689e9c330a8e844b2b7a64c25f3bc
  languageName: node
  linkType: hard

"bytes-iec@npm:^3.1.1":
  version: 3.1.1
  resolution: "bytes-iec@npm:3.1.1"
  checksum: 10/2f89d1dbb058b1bc8a9284658b6c779ffe16127f93f3647b749723660c989a38ac87bad065cc874d380f05b566c95153348f416e6a08985625812512d01e689f
  languageName: node
  linkType: hard

"cacache@npm:^20.0.1":
  version: 20.0.3
  resolution: "cacache@npm:20.0.3"
  dependencies:
    "@npmcli/fs": "npm:^5.0.0"
    fs-minipass: "npm:^3.0.0"
    glob: "npm:^13.0.0"
    lru-cache: "npm:^11.1.0"
    minipass: "npm:^7.0.3"
    minipass-collect: "npm:^2.0.1"
    minipass-flush: "npm:^1.0.5"
    minipass-pipeline: "npm:^1.2.4"
    p-map: "npm:^7.0.2"
    ssri: "npm:^13.0.0"
    unique-filename: "npm:^5.0.0"
  checksum: 10/388a0169970df9d051da30437f93f81b7e91efb570ad0ff2b8fde33279fbe726c1bc8e8e2b9c05053ffb4f563854c73db395e8712e3b62347a1bc4f7fb8899ff
  languageName: node
  linkType: hard

"chownr@npm:^3.0.0":
  version: 3.0.0
  resolution: "chownr@npm:3.0.0"
  checksum: 10/b63cb1f73d171d140a2ed8154ee6566c8ab775d3196b0e03a2a94b5f6a0ce7777ee5685ca56849403c8d17bd457a6540672f9a60696a6137c7a409097495b82c
  languageName: node
  linkType: hard

"debug@npm:4, debug@npm:^4.3.4":
  version: 4.4.3
  resolution: "debug@npm:4.4.3"
  dependencies:
    ms: "npm:^2.1.3"
  peerDependenciesMeta:
    supports-color:
      optional: true
  checksum: 10/9ada3434ea2993800bd9a1e320bd4aa7af69659fb51cca685d390949434bc0a8873c21ed7c9b852af6f2455a55c6d050aa3937d52b3c69f796dab666f762acad
  languageName: node
  linkType: hard

"detect-libc@npm:^2.0.1":
  version: 2.1.2
  resolution: "detect-libc@npm:2.1.2"
  checksum: 10/b736c8d97d5d46164c0d1bed53eb4e6a3b1d8530d460211e2d52f1c552875e706c58a5376854e4e54f8b828c9cada58c855288c968522eb93ac7696d65970766
  languageName: node
  linkType: hard

"encoding@npm:^0.1.13":
  version: 0.1.13
  resolution: "encoding@npm:0.1.13"
  dependencies:
    iconv-lite: "npm:^0.6.2"
  checksum: 10/bb98632f8ffa823996e508ce6a58ffcf5856330fde839ae42c9e1f436cc3b5cc651d4aeae72222916545428e54fd0f6aa8862fd8d25bdbcc4589f1e3f3715e7f
  languageName: node
  linkType: hard

"env-paths@npm:^2.2.0":
  version: 2.2.1
  resolution: "env-paths@npm:2.2.1"
  checksum: 10/65b5df55a8bab92229ab2b40dad3b387fad24613263d103a97f91c9fe43ceb21965cd3392b1ccb5d77088021e525c4e0481adb309625d0cb94ade1d1fb8dc17e
  languageName: node
  linkType: hard

"err-code@npm:^2.0.2":
  version: 2.0.3
  resolution: "err-code@npm:2.0.3"
  checksum: 10/1d20d825cdcce8d811bfbe86340f4755c02655a7feb2f13f8c880566d9d72a3f6c92c192a6867632e490d6da67b678271f46e01044996a6443e870331100dfdd
  languageName: node
  linkType: hard

"esbuild@npm:^0.27.0":
  version: 0.27.3
  resolution: "esbuild@npm:0.27.3"
  dependencies:
    "@esbuild/aix-ppc64": "npm:0.27.3"
    "@esbuild/android-arm": "npm:0.27.3"
    "@esbuild/android-arm64": "npm:0.27.3"
    "@esbuild/android-x64": "npm:0.27.3"
    "@esbuild/darwin-arm64": "npm:0.27.3"
    "@esbuild/darwin-x64": "npm:0.27.3"
    "@esbuild/freebsd-arm64": "npm:0.27.3"
    "@esbuild/freebsd-x64": "npm:0.27.3"
    "@esbuild/linux-arm": "npm:0.27.3"
    "@esbuild/linux-arm64": "npm:0.27.3"
    "@esbuild/linux-ia32": "npm:0.27.3"
    "@esbuild/linux-loong64": "npm:0.27.3"
    "@esbuild/linux-mips64el": "npm:0.27.3"
    "@esbuild/linux-ppc64": "npm:0.27.3"
    "@esbuild/linux-riscv64": "npm:0.27.3"
    "@esbuild/linux-s390x": "npm:0.27.3"
    "@esbuild/linux-x64": "npm:0.27.3"
    "@esbuild/netbsd-arm64": "npm:0.27.3"
    "@esbuild/netbsd-x64": "npm:0.27.3"
    "@esbuild/openbsd-arm64": "npm:0.27.3"
    "@esbuild/openbsd-x64": "npm:0.27.3"
    "@esbuild/openharmony-arm64": "npm:0.27.3"
    "@esbuild/sunos-x64": "npm:0.27.3"
    "@esbuild/win32-arm64": "npm:0.27.3"
    "@esbuild/win32-ia32": "npm:0.27.3"
    "@esbuild/win32-x64": "npm:0.27.3"
  dependenciesMeta:
    "@esbuild/aix-ppc64":
      optional: true
    "@esbuild/android-arm":
      optional: true
    "@esbuild/android-arm64":
      optional: true
    "@esbuild/android-x64":
      optional: true
    "@esbuild/darwin-arm64":
      optional: true
    "@esbuild/darwin-x64":
      optional: true
    "@esbuild/freebsd-arm64":
      optional: true
    "@esbuild/freebsd-x64":
      optional: true
    "@esbuild/linux-arm":
      optional: true
    "@esbuild/linux-arm64":
      optional: true
    "@esbuild/linux-ia32":
      optional: true
    "@esbuild/linux-loong64":
      optional: true
    "@esbuild/linux-mips64el":
      optional: true
    "@esbuild/linux-ppc64":
      optional: true
    "@esbuild/linux-riscv64":
      optional: true
    "@esbuild/linux-s390x":
      optional: true
    "@esbuild/linux-x64":
      optional: true
    "@esbuild/netbsd-arm64":
      optional: true
    "@esbuild/netbsd-x64":
      optional: true
    "@esbuild/openbsd-arm64":
      optional: true
    "@esbuild/openbsd-x64":
      optional: true
    "@esbuild/openharmony-arm64":
      optional: true
    "@esbuild/sunos-x64":
      optional: true
    "@esbuild/win32-arm64":
      optional: true
    "@esbuild/win32-ia32":
      optional: true
    "@esbuild/win32-x64":
      optional: true
  bin:
    esbuild: bin/esbuild
  checksum: 10/aa74b8d8a3ed8e2eea4d8421737b322f4d21215244e8fa2156c6402d49b5bda01343c220196f1e3f830a7ce92b54ef653c6c723a8cc2e912bb4d17b7398b51ae
  languageName: node
  linkType: hard

"exponential-backoff@npm:^3.1.1":
  version: 3.1.3
  resolution: "exponential-backoff@npm:3.1.3"
  checksum: 10/ca25962b4bbab943b7c4ed0b5228e263833a5063c65e1cdeac4be9afad350aae5466e8e619b5051f4f8d37b2144a2d6e8fcc771b6cc82934f7dade2f964f652c
  languageName: node
  linkType: hard

"fdir@npm:^6.5.0":
  version: 6.5.0
  resolution: "fdir@npm:6.5.0"
  peerDependencies:
    picomatch: ^3 || ^4
  peerDependenciesMeta:
    picomatch:
      optional: true
  checksum: 10/14ca1c9f0a0e8f4f2e9bf4e8551065a164a09545dae548c12a18d238b72e51e5a7b39bd8e5494b56463a0877672d0a6c1ef62c6fa0677db1b0c847773be939b1
  languageName: node
  linkType: hard

"fs-minipass@npm:^3.0.0":
  version: 3.0.3
  resolution: "fs-minipass@npm:3.0.3"
  dependencies:
    minipass: "npm:^7.0.3"
  checksum: 10/af143246cf6884fe26fa281621d45cfe111d34b30535a475bfa38dafe343dadb466c047a924ffc7d6b7b18265df4110224ce3803806dbb07173bf2087b648d7f
  languageName: node
  linkType: hard

"glob@npm:^13.0.0":
  version: 13.0.5
  resolution: "glob@npm:13.0.5"
  dependencies:
    minimatch: "npm:^10.2.1"
    minipass: "npm:^7.1.2"
    path-scurry: "npm:^2.0.0"
  checksum: 10/c86a2a2ab12382d9afcf04d0b59e665a93db6c394ea9632be9f4192c2f946f414590c244290bca8e2a5ba41a2f3fb0c93ea6a6674d0344e3fdb3e7dd570eae05
  languageName: node
  linkType: hard

"graceful-fs@npm:^4.2.6":
  version: 4.2.11
  resolution: "graceful-fs@npm:4.2.11"
  checksum: 10/bf152d0ed1dc159239db1ba1f74fdbc40cb02f626770dcd5815c427ce0688c2635a06ed69af364396da4636d0408fcf7d4afdf7881724c3307e46aff30ca49e2
  languageName: node
  linkType: hard

"http-cache-semantics@npm:^4.1.1":
  version: 4.2.0
  resolution: "http-cache-semantics@npm:4.2.0"
  checksum: 10/4efd2dfcfeea9d5e88c84af450b9980be8a43c2c8179508b1c57c7b4421c855f3e8efe92fa53e0b3f4a43c85824ada930eabbc306d1b3beab750b6dcc5187693
  languageName: node
  linkType: hard

"http-proxy-agent@npm:^7.0.0":
  version: 7.0.2
  resolution: "http-proxy-agent@npm:7.0.2"
  dependencies:
    agent-base: "npm:^7.1.0"
    debug: "npm:^4.3.4"
  checksum: 10/d062acfa0cb82beeb558f1043c6ba770ea892b5fb7b28654dbc70ea2aeea55226dd34c02a294f6c1ca179a5aa483c4ea641846821b182edbd9cc5d89b54c6848
  languageName: node
  linkType: hard

"https-proxy-agent@npm:^7.0.1":
  version: 7.0.6
  resolution: "https-proxy-agent@npm:7.0.6"
  dependencies:
    agent-base: "npm:^7.1.2"
    debug: "npm:4"
  checksum: 10/784b628cbd55b25542a9d85033bdfd03d4eda630fb8b3c9477959367f3be95dc476ed2ecbb9836c359c7c698027fc7b45723a302324433590f45d6c1706e8c13
  languageName: node
  linkType: hard

"iconv-lite@npm:^0.6.2":
  version: 0.6.3
  resolution: "iconv-lite@npm:0.6.3"
  dependencies:
    safer-buffer: "npm:>= 2.1.2 < 3.0.0"
  checksum: 10/24e3292dd3dadaa81d065c6f8c41b274a47098150d444b96e5f53b4638a9a71482921ea6a91a1f59bb71d9796de25e04afd05919fa64c360347ba65d3766f10f
  languageName: node
  linkType: hard

"imurmurhash@npm:^0.1.4":
  version: 0.1.4
  resolution: "imurmurhash@npm:0.1.4"
  checksum: 10/2d30b157a91fe1c1d7c6f653cbf263f039be6c5bfa959245a16d4ee191fc0f2af86c08545b6e6beeb041c56b574d2d5b9f95343d378ab49c0f37394d541e7fc8
  languageName: node
  linkType: hard

"ip-address@npm:^10.0.1":
  version: 10.1.0
  resolution: "ip-address@npm:10.1.0"
  checksum: 10/a6979629d1ad9c1fb424bc25182203fad739b40225aebc55ec6243bbff5035faf7b9ed6efab3a097de6e713acbbfde944baacfa73e11852bb43989c45a68d79e
  languageName: node
  linkType: hard

"isexe@npm:^4.0.0":
  version: 4.0.0
  resolution: "isexe@npm:4.0.0"
  checksum: 10/2ead327ef596042ef9c9ec5f236b316acfaedb87f4bb61b3c3d574fb2e9c8a04b67305e04733bde52c24d9622fdebd3270aadb632adfbf9cadef88fe30f479e5
  languageName: node
  linkType: hard

"istp@npm:^2.0.6":
  version: 2.0.6
  resolution: "istp@npm:2.0.6"
  checksum: 10/f6827536139ad3693284d71c12c2afde86f80f032d5cc9a1c061d9a927972f24a2931ac1f474bac8de71c0b47a710af6e5ff168b0d81ac3bddab4cfd705e4070
  languageName: node
  linkType: hard

"lilconfig@npm:^3.1.3":
  version: 3.1.3
  resolution: "lilconfig@npm:3.1.3"
  checksum: 10/b932ce1af94985f0efbe8896e57b1f814a48c8dbd7fc0ef8469785c6303ed29d0090af3ccad7e36b626bfca3a4dc56cc262697e9a8dd867623cf09a39d54e4c3
  languageName: node
  linkType: hard

"lru-cache@npm:^11.0.0, lru-cache@npm:^11.1.0, lru-cache@npm:^11.2.1":
  version: 11.2.6
  resolution: "lru-cache@npm:11.2.6"
  checksum: 10/91222bbd59f793a0a0ad57789388f06b34ac9bb1613433c1d1810457d09db5cd3ec8943227ce2e1f5d6a0a15d6f1a9f129cb2c49ae9b6b10e82d4965fddecbef
  languageName: node
  linkType: hard

"make-fetch-happen@npm:^15.0.0":
  version: 15.0.3
  resolution: "make-fetch-happen@npm:15.0.3"
  dependencies:
    "@npmcli/agent": "npm:^4.0.0"
    cacache: "npm:^20.0.1"
    http-cache-semantics: "npm:^4.1.1"
    minipass: "npm:^7.0.2"
    minipass-fetch: "npm:^5.0.0"
    minipass-flush: "npm:^1.0.5"
    minipass-pipeline: "npm:^1.2.4"
    negotiator: "npm:^1.0.0"
    proc-log: "npm:^6.0.0"
    promise-retry: "npm:^2.0.1"
    ssri: "npm:^13.0.0"
  checksum: 10/78da4fc1df83cb596e2bae25aa0653b8a9c6cbdd6674a104894e03be3acfcd08c70b78f06ef6407fbd6b173f6a60672480d78641e693d05eb71c09c13ee35278
  languageName: node
  linkType: hard

"minimatch@npm:^10.2.1":
  version: 10.2.1
  resolution: "minimatch@npm:10.2.1"
  dependencies:
    brace-expansion: "npm:^5.0.2"
  checksum: 10/d41c195ee1f2c70a75641088e36d0fa5fa286cb6fe48558e6d3bf3d95f640eda453c217707215389b12234df12175f65f338c0b841b36b0125177dbd6a80d026
  languageName: node
  linkType: hard

"minipass-collect@npm:^2.0.1":
  version: 2.0.1
  resolution: "minipass-collect@npm:2.0.1"
  dependencies:
    minipass: "npm:^7.0.3"
  checksum: 10/b251bceea62090f67a6cced7a446a36f4cd61ee2d5cea9aee7fff79ba8030e416327a1c5aa2908dc22629d06214b46d88fdab8c51ac76bacbf5703851b5ad342
  languageName: node
  linkType: hard

"minipass-fetch@npm:^5.0.0":
  version: 5.0.1
  resolution: "minipass-fetch@npm:5.0.1"
  dependencies:
    encoding: "npm:^0.1.13"
    minipass: "npm:^7.0.3"
    minipass-sized: "npm:^2.0.0"
    minizlib: "npm:^3.0.1"
  dependenciesMeta:
    encoding:
      optional: true
  checksum: 10/08bf0c9866e7f344bf1863ce0d99c0a6fe96b43ef5a4119e23d84a21e613a3f55ecf302adf28d9e228b4ebd50e81d5e84c397e0535089090427319379f478d94
  languageName: node
  linkType: hard

"minipass-flush@npm:^1.0.5":
  version: 1.0.5
  resolution: "minipass-flush@npm:1.0.5"
  dependencies:
    minipass: "npm:^3.0.0"
  checksum: 10/56269a0b22bad756a08a94b1ffc36b7c9c5de0735a4dd1ab2b06c066d795cfd1f0ac44a0fcae13eece5589b908ecddc867f04c745c7009be0b566421ea0944cf
  languageName: node
  linkType: hard

"minipass-pipeline@npm:^1.2.4":
  version: 1.2.4
  resolution: "minipass-pipeline@npm:1.2.4"
  dependencies:
    minipass: "npm:^3.0.0"
  checksum: 10/b14240dac0d29823c3d5911c286069e36d0b81173d7bdf07a7e4a91ecdef92cdff4baaf31ea3746f1c61e0957f652e641223970870e2353593f382112257971b
  languageName: node
  linkType: hard

"minipass-sized@npm:^2.0.0":
  version: 2.0.0
  resolution: "minipass-sized@npm:2.0.0"
  dependencies:
    minipass: "npm:^7.1.2"
  checksum: 10/3b89adf64ca705662f77481e278eff5ec0a57aeffb5feba7cc8843722b1e7770efc880f2a17d1d4877b2d7bf227873cd46afb4da44c0fd18088b601ea50f96bb
  languageName: node
  linkType: hard

"minipass@npm:^3.0.0":
  version: 3.3.6
  resolution: "minipass@npm:3.3.6"
  dependencies:
    yallist: "npm:^4.0.0"
  checksum: 10/a5c6ef069f70d9a524d3428af39f2b117ff8cd84172e19b754e7264a33df460873e6eb3d6e55758531580970de50ae950c496256bb4ad3691a2974cddff189f0
  languageName: node
  linkType: hard

"minipass@npm:^7.0.2, minipass@npm:^7.0.3, minipass@npm:^7.0.4, minipass@npm:^7.1.2":
  version: 7.1.3
  resolution: "minipass@npm:7.1.3"
  checksum: 10/175e4d5e20980c3cd316ae82d2c031c42f6c746467d8b1905b51060a0ba4461441a0c25bb67c025fd9617f9a3873e152c7b543c6b5ac83a1846be8ade80dffd6
  languageName: node
  linkType: hard

"minizlib@npm:^3.0.1, minizlib@npm:^3.1.0":
  version: 3.1.0
  resolution: "minizlib@npm:3.1.0"
  dependencies:
    minipass: "npm:^7.1.2"
  checksum: 10/f47365cc2cb7f078cbe7e046eb52655e2e7e97f8c0a9a674f4da60d94fb0624edfcec9b5db32e8ba5a99a5f036f595680ae6fe02a262beaa73026e505cc52f99
  languageName: node
  linkType: hard

"ms@npm:^2.1.3":
  version: 2.1.3
  resolution: "ms@npm:2.1.3"
  checksum: 10/aa92de608021b242401676e35cfa5aa42dd70cbdc082b916da7fb925c542173e36bce97ea3e804923fe92c0ad991434e4a38327e15a1b5b5f945d66df615ae6d
  languageName: node
  linkType: hard

"msgpackr-extract@npm:^3.0.2":
  version: 3.0.3
  resolution: "msgpackr-extract@npm:3.0.3"
  dependencies:
    "@msgpackr-extract/msgpackr-extract-darwin-arm64": "npm:3.0.3"
    "@msgpackr-extract/msgpackr-extract-darwin-x64": "npm:3.0.3"
    "@msgpackr-extract/msgpackr-extract-linux-arm": "npm:3.0.3"
    "@msgpackr-extract/msgpackr-extract-linux-arm64": "npm:3.0.3"
    "@msgpackr-extract/msgpackr-extract-linux-x64": "npm:3.0.3"
    "@msgpackr-extract/msgpackr-extract-win32-x64": "npm:3.0.3"
    node-gyp: "npm:latest"
    node-gyp-build-optional-packages: "npm:5.2.2"
  dependenciesMeta:
    "@msgpackr-extract/msgpackr-extract-darwin-arm64":
      optional: true
    "@msgpackr-extract/msgpackr-extract-darwin-x64":
      optional: true
    "@msgpackr-extract/msgpackr-extract-linux-arm":
      optional: true
    "@msgpackr-extract/msgpackr-extract-linux-arm64":
      optional: true
    "@msgpackr-extract/msgpackr-extract-linux-x64":
      optional: true
    "@msgpackr-extract/msgpackr-extract-win32-x64":
      optional: true
  bin:
    download-msgpackr-prebuilds: bin/download-prebuilds.js
  checksum: 10/4bfe45cf6968310570765951691f1b8e85b6a837e5197b8232fc9285eef4b457992e73118d9d07c92a52cc23f9e837897b135e17ea0f73e3604540434051b62f
  languageName: node
  linkType: hard

"msgpackr@npm:^1.11.8":
  version: 1.11.8
  resolution: "msgpackr@npm:1.11.8"
  dependencies:
    msgpackr-extract: "npm:^3.0.2"
  dependenciesMeta:
    msgpackr-extract:
      optional: true
  checksum: 10/f37666bddca024958f1dc3fa5f53909f6c0001ef3632e7e86c4e769cf99270c1a35cc6b0818cc5f6c3a493bd4b7920f9e4aff5af2719fea03db9581d43f379b3
  languageName: node
  linkType: hard

"nanoevents@npm:^9.1.0":
  version: 9.1.0
  resolution: "nanoevents@npm:9.1.0"
  checksum: 10/77abbc15c4efc15518a0075b604e5db045e5d6184f4d08892c771928a84f53b1dd46138902213f66e8a9989e6c930168ca6441b80ff9098aec83c01a782bd42b
  languageName: node
  linkType: hard

"nanoid@npm:^5.1.6":
  version: 5.1.6
  resolution: "nanoid@npm:5.1.6"
  bin:
    nanoid: bin/nanoid.js
  checksum: 10/4109dbcf596d7f297a9b42f459b8f01694a03ebbdd2f41408d963ad54e5ec7234cbe7b4acad137751f31add11bb4fb3415a3e688082516745812811f05570014
  languageName: node
  linkType: hard

"nanospinner@npm:^1.2.2":
  version: 1.2.2
  resolution: "nanospinner@npm:1.2.2"
  dependencies:
    picocolors: "npm:^1.1.1"
  checksum: 10/40ed63364c95b58806a9989b16af8728fdb57d19a8bf05e643542a0c64b184df29435308a07a618af48817f22850dc1ef5827724c226047cab7e70bd22705a0e
  languageName: node
  linkType: hard

"negotiator@npm:^1.0.0":
  version: 1.0.0
  resolution: "negotiator@npm:1.0.0"
  checksum: 10/b5734e87295324fabf868e36fb97c84b7d7f3156ec5f4ee5bf6e488079c11054f818290fc33804cef7b1ee21f55eeb14caea83e7dafae6492a409b3e573153e5
  languageName: node
  linkType: hard

"node-gyp-build-optional-packages@npm:5.2.2":
  version: 5.2.2
  resolution: "node-gyp-build-optional-packages@npm:5.2.2"
  dependencies:
    detect-libc: "npm:^2.0.1"
  bin:
    node-gyp-build-optional-packages: bin.js
    node-gyp-build-optional-packages-optional: optional.js
    node-gyp-build-optional-packages-test: build-test.js
  checksum: 10/f448a328cf608071dc8cc4426ac5be0daec4788e4e1759e9f7ffcd286822cc799384edce17a8c79e610c4bbfc8e3aff788f3681f1d88290e0ca7aaa5342a090f
  languageName: node
  linkType: hard

"node-gyp-build@npm:^4.3.0":
  version: 4.8.4
  resolution: "node-gyp-build@npm:4.8.4"
  bin:
    node-gyp-build: bin.js
    node-gyp-build-optional: optional.js
    node-gyp-build-test: build-test.js
  checksum: 10/6a7d62289d1afc419fc8fc9bd00aa4e554369e50ca0acbc215cb91446148b75ff7e2a3b53c2c5b2c09a39d416d69f3d3237937860373104b5fe429bf30ad9ac5
  languageName: node
  linkType: hard

"node-gyp@npm:latest":
  version: 12.2.0
  resolution: "node-gyp@npm:12.2.0"
  dependencies:
    env-paths: "npm:^2.2.0"
    exponential-backoff: "npm:^3.1.1"
    graceful-fs: "npm:^4.2.6"
    make-fetch-happen: "npm:^15.0.0"
    nopt: "npm:^9.0.0"
    proc-log: "npm:^6.0.0"
    semver: "npm:^7.3.5"
    tar: "npm:^7.5.4"
    tinyglobby: "npm:^0.2.12"
    which: "npm:^6.0.0"
  bin:
    node-gyp: bin/node-gyp.js
  checksum: 10/4ebab5b77585a637315e969c2274b5520562473fe75de850639a580c2599652fb9f33959ec782ea45a2e149d8f04b548030f472eeeb3dbdf19a7f2ccbc30b908
  languageName: node
  linkType: hard

"nopt@npm:^9.0.0":
  version: 9.0.0
  resolution: "nopt@npm:9.0.0"
  dependencies:
    abbrev: "npm:^4.0.0"
  bin:
    nopt: bin/nopt.js
  checksum: 10/56a1ccd2ad711fb5115918e2c96828703cddbe12ba2c3bd00591758f6fa30e6f47dd905c59dbfcf9b773f3a293b45996609fb6789ae29d6bfcc3cf3a6f7d9fda
  languageName: node
  linkType: hard

"p-map@npm:^7.0.2":
  version: 7.0.4
  resolution: "p-map@npm:7.0.4"
  checksum: 10/ef48c3b2e488f31c693c9fcc0df0ef76518cf6426a495cf9486ebbb0fd7f31aef7f90e96f72e0070c0ff6e3177c9318f644b512e2c29e3feee8d7153fcb6782e
  languageName: node
  linkType: hard

"path-scurry@npm:^2.0.0":
  version: 2.0.1
  resolution: "path-scurry@npm:2.0.1"
  dependencies:
    lru-cache: "npm:^11.0.0"
    minipass: "npm:^7.1.2"
  checksum: 10/1e9c74e9ccf94d7c16056a5cb2dba9fa23eec1bc221ab15c44765486b9b9975b4cd9a4d55da15b96eadf67d5202e9a2f1cec9023fbb35fe7d9ccd0ff1891f88b
  languageName: node
  linkType: hard

"picocolors@npm:^1.1.1":
  version: 1.1.1
  resolution: "picocolors@npm:1.1.1"
  checksum: 10/e1cf46bf84886c79055fdfa9dcb3e4711ad259949e3565154b004b260cd356c5d54b31a1437ce9782624bf766272fe6b0154f5f0c744fb7af5d454d2b60db045
  languageName: node
  linkType: hard

"picomatch@npm:^4.0.3":
  version: 4.0.3
  resolution: "picomatch@npm:4.0.3"
  checksum: 10/57b99055f40b16798f2802916d9c17e9744e620a0db136554af01d19598b96e45e2f00014c91d1b8b13874b80caa8c295b3d589a3f72373ec4aaf54baa5962d5
  languageName: node
  linkType: hard

"proc-log@npm:^6.0.0":
  version: 6.1.0
  resolution: "proc-log@npm:6.1.0"
  checksum: 10/9033f30f168ed5a0991b773d0c50ff88384c4738e9a0a67d341de36bf7293771eed648ab6a0562f62276da12fde91f3bbfc75ffff6e71ad49aafd74fc646be66
  languageName: node
  linkType: hard

"promise-retry@npm:^2.0.1":
  version: 2.0.1
  resolution: "promise-retry@npm:2.0.1"
  dependencies:
    err-code: "npm:^2.0.2"
    retry: "npm:^0.12.0"
  checksum: 10/96e1a82453c6c96eef53a37a1d6134c9f2482f94068f98a59145d0986ca4e497bf110a410adf73857e588165eab3899f0ebcf7b3890c1b3ce802abc0d65967d4
  languageName: node
  linkType: hard

"retry@npm:^0.12.0":
  version: 0.12.0
  resolution: "retry@npm:0.12.0"
  checksum: 10/1f914879f97e7ee931ad05fe3afa629bd55270fc6cf1c1e589b6a99fab96d15daad0fa1a52a00c729ec0078045fe3e399bd4fd0c93bcc906957bdc17f89cb8e6
  languageName: node
  linkType: hard

"root-workspace-0b6124@workspace:.":
  version: 0.0.0-use.local
  resolution: "root-workspace-0b6124@workspace:."
  languageName: unknown
  linkType: soft

"safer-buffer@npm:>= 2.1.2 < 3.0.0":
  version: 2.1.2
  resolution: "safer-buffer@npm:2.1.2"
  checksum: 10/7eaf7a0cf37cc27b42fb3ef6a9b1df6e93a1c6d98c6c6702b02fe262d5fcbd89db63320793b99b21cb5348097d0a53de81bd5f4e8b86e20cc9412e3f1cfb4e83
  languageName: node
  linkType: hard

"semver@npm:^7.3.5":
  version: 7.7.4
  resolution: "semver@npm:7.7.4"
  bin:
    semver: bin/semver.js
  checksum: 10/26bdc6d58b29528f4142d29afb8526bc335f4fc04c4a10f2b98b217f277a031c66736bf82d3d3bb354a2f6a3ae50f18fd62b053c4ac3f294a3d10a61f5075b75
  languageName: node
  linkType: hard

"size-limit@npm:12.0.0, size-limit@npm:^12.0.0":
  version: 12.0.0
  resolution: "size-limit@npm:12.0.0"
  dependencies:
    bytes-iec: "npm:^3.1.1"
    lilconfig: "npm:^3.1.3"
    nanospinner: "npm:^1.2.2"
    picocolors: "npm:^1.1.1"
    tinyglobby: "npm:^0.2.15"
  peerDependencies:
    jiti: ^2.0.0
  peerDependenciesMeta:
    jiti:
      optional: true
  bin:
    size-limit: bin.js
  checksum: 10/8aa4067564da8e67a520d66464d25c01a6244ba080644a70dfcd334808bfb508c3a0a50cf574e9b120a88471857785c49bfe87dc881f66e351c1fb67c64068fa
  languageName: node
  linkType: hard

"smart-buffer@npm:^4.2.0":
  version: 4.2.0
  resolution: "smart-buffer@npm:4.2.0"
  checksum: 10/927484aa0b1640fd9473cee3e0a0bcad6fce93fd7bbc18bac9ad0c33686f5d2e2c422fba24b5899c184524af01e11dd2bd051c2bf2b07e47aff8ca72cbfc60d2
  languageName: node
  linkType: hard

"socks-proxy-agent@npm:^8.0.3":
  version: 8.0.5
  resolution: "socks-proxy-agent@npm:8.0.5"
  dependencies:
    agent-base: "npm:^7.1.2"
    debug: "npm:^4.3.4"
    socks: "npm:^2.8.3"
  checksum: 10/ee99e1dacab0985b52cbe5a75640be6e604135e9489ebdc3048635d186012fbaecc20fbbe04b177dee434c319ba20f09b3e7dfefb7d932466c0d707744eac05c
  languageName: node
  linkType: hard

"socks@npm:^2.8.3":
  version: 2.8.7
  resolution: "socks@npm:2.8.7"
  dependencies:
    ip-address: "npm:^10.0.1"
    smart-buffer: "npm:^4.2.0"
  checksum: 10/d19366c95908c19db154f329bbe94c2317d315dc933a7c2b5101e73f32a555c84fb199b62174e1490082a593a4933d8d5a9b297bde7d1419c14a11a965f51356
  languageName: node
  linkType: hard

"ssri@npm:^13.0.0":
  version: 13.0.1
  resolution: "ssri@npm:13.0.1"
  dependencies:
    minipass: "npm:^7.0.3"
  checksum: 10/ae560d0378d074006a71b06af71bfbe84a3fe1ac6e16c1f07575f69e670d40170507fe52b21bcc23399429bc6a15f4bc3ea8d9bc88e9dfd7e87de564e6da6a72
  languageName: node
  linkType: hard

"tar@npm:^7.5.4":
  version: 7.5.9
  resolution: "tar@npm:7.5.9"
  dependencies:
    "@isaacs/fs-minipass": "npm:^4.0.0"
    chownr: "npm:^3.0.0"
    minipass: "npm:^7.1.2"
    minizlib: "npm:^3.1.0"
    yallist: "npm:^5.0.0"
  checksum: 10/1213cdde9c22d6acf8809ba5d2a025212ce3517bc99c4a4c6981b7dc0489bf3b164db9c826c9517680889194c9ba57448c8ff0da35eca9a60bb7689bf0b3897d
  languageName: node
  linkType: hard

"tinyglobby@npm:^0.2.12, tinyglobby@npm:^0.2.15":
  version: 0.2.15
  resolution: "tinyglobby@npm:0.2.15"
  dependencies:
    fdir: "npm:^6.5.0"
    picomatch: "npm:^4.0.3"
  checksum: 10/d72bd826a8b0fa5fa3929e7fe5ba48fceb2ae495df3a231b6c5408cd7d8c00b58ab5a9c2a76ba56a62ee9b5e083626f1f33599734bed1ffc4b792406408f0ca2
  languageName: node
  linkType: hard

"unique-filename@npm:^5.0.0":
  version: 5.0.0
  resolution: "unique-filename@npm:5.0.0"
  dependencies:
    unique-slug: "npm:^6.0.0"
  checksum: 10/a5f67085caef74bdd2a6869a200ed5d68d171f5cc38435a836b5fd12cce4e4eb55e6a190298035c325053a5687ed7a3c96f0a91e82215fd14729769d9ac57d9b
  languageName: node
  linkType: hard

"unique-slug@npm:^6.0.0":
  version: 6.0.0
  resolution: "unique-slug@npm:6.0.0"
  dependencies:
    imurmurhash: "npm:^0.1.4"
  checksum: 10/b78ed9d5b01ff465f80975f17387750ed3639909ac487fa82c4ae4326759f6de87c2131c0c39eca4c68cf06c537a8d104fba1dfc8a30308f99bc505345e1eba3
  languageName: node
  linkType: hard

"which@npm:^6.0.0":
  version: 6.0.1
  resolution: "which@npm:6.0.1"
  dependencies:
    isexe: "npm:^4.0.0"
  bin:
    node-which: bin/which.js
  checksum: 10/dbea77c7d3058bf6c78bf9659d2dce4d2b57d39a15b826b2af6ac2e5a219b99dc8a831b79fdbc453c0598adb4f3f84cf9c2491fd52beb9f5d2dececcad117f68
  languageName: node
  linkType: hard

"ws@npm:^8.19.0":
  version: 8.19.0
  resolution: "ws@npm:8.19.0"
  peerDependencies:
    bufferutil: ^4.0.1
    utf-8-validate: ">=5.0.2"
  peerDependenciesMeta:
    bufferutil:
      optional: true
    utf-8-validate:
      optional: true
  checksum: 10/26e4901e93abaf73af9f26a93707c95b4845e91a7a347ec8c569e6e9be7f9df066f6c2b817b2d685544e208207898a750b78461e6e8d810c11a370771450c31b
  languageName: node
  linkType: hard

"wscl@npm:^2.2.0":
  version: 2.2.0
  resolution: "wscl@npm:2.2.0"
  dependencies:
    nanoevents: "npm:^9.1.0"
  checksum: 10/3d3fb8570b6ec51cff9256edeb27b02c3a09d671e3dc448b38b96bebaca3774de40dfe8ed8fc16439f8f3ac60c271db6f33a7f6795e78595226d654feeade66f
  languageName: node
  linkType: hard

"yallist@npm:^4.0.0":
  version: 4.0.0
  resolution: "yallist@npm:4.0.0"
  checksum: 10/4cb02b42b8a93b5cf50caf5d8e9beb409400a8a4d85e83bb0685c1457e9ac0b7a00819e9f5991ac25ffabb56a78e2f017c1acc010b3a1babfe6de690ba531abd
  languageName: node
  linkType: hard

"yallist@npm:^5.0.0":
  version: 5.0.0
  resolution: "yallist@npm:5.0.0"
  checksum: 10/1884d272d485845ad04759a255c71775db0fac56308764b4c77ea56a20d56679fad340213054c8c9c9c26fcfd4c4b2a90df993b7e0aaf3cdb73c618d1d1a802a
  languageName: node
  linkType: hard
